// !$*UTF8*$!
{
	archiveVersion = 1;
	classes = {
	};
	objectVersion = 50;
	objects = {

/* Begin PBXBuildFile section */
		33706C10272265DB0036CA5C /* AppDelegate.swift in Sources */ = {isa = PBXBuildFile; fileRef = 33706C0F272265DB0036CA5C /* AppDelegate.swift */; };
		33706C12272265DB0036CA5C /* SceneDelegate.swift in Sources */ = {isa = PBXBuildFile; fileRef = 33706C11272265DB0036CA5C /* SceneDelegate.swift */; };
		33706C14272265DB0036CA5C /* ViewController.swift in Sources */ = {isa = PBXBuildFile; fileRef = 33706C13272265DB0036CA5C /* ViewController.swift */; };
		33706C17272265DB0036CA5C /* Main.storyboard in Resources */ = {isa = PBXBuildFile; fileRef = 33706C15272265DB0036CA5C /* Main.storyboard */; };
		33706C1A272265DB0036CA5C /* LedPrac.xcdatamodeld in Sources */ = {isa = PBXBuildFile; fileRef = 33706C18272265DB0036CA5C /* LedPrac.xcdatamodeld */; };
		33706C1C272265DE0036CA5C /* Assets.xcassets in Resources */ = {isa = PBXBuildFile; fileRef = 33706C1B272265DE0036CA5C /* Assets.xcassets */; };
		33706C1F272265DE0036CA5C /* LaunchScreen.storyboard in Resources */ = {isa = PBXBuildFile; fileRef = 33706C1D272265DE0036CA5C /* LaunchScreen.storyboard */; };
		33706C27272269FF0036CA5C /* NextViewController.swift in Sources */ = {isa = PBXBuildFile; fileRef = 33706C26272269FE0036CA5C /* NextViewController.swift */; };
/* End PBXBuildFile section */

/* Begin PBXFileReference section */
		33706C0C272265DB0036CA5C /* LedPrac.app */ = {isa = PBXFileReference; explicitFileType = wrapper.application; includeInIndex = 0; path = LedPrac.app; sourceTree = BUILT_PRODUCTS_DIR; };
		33706C0F272265DB0036CA5C /* AppDelegate.swift */ = {isa = PBXFileReference; lastKnownFileType = sourcecode.swift; path = AppDelegate.swift; sourceTree = "<group>"; };
		33706C11272265DB0036CA5C /* SceneDelegate.swift */ = {isa = PBXFileReference; lastKnownFileType = sourcecode.swift; path = SceneDelegate.swift; sourceTree = "<group>"; };
		33706C13272265DB0036CA5C /* ViewController.swift */ = {isa = PBXFileReference; lastKnownFileType = sourcecode.swift; path = ViewController.swift; sourceTree = "<group>"; };
		33706C16272265DB0036CA5C /* Base */ = {isa = PBXFileReference; lastKnownFileType = file.storyboard; name = Base; path = Base.lproj/Main.storyboard; sourceTree = "<group>"; };
		33706C19272265DB0036CA5C /* LedPrac.xcdatamodel */ = {isa = PBXFileReference; lastKnownFileType = wrapper.xcdatamodel; path = LedPrac.xcdatamodel; sourceTree = "<group>"; };
		33706C1B272265DE0036CA5C /* Assets.xcassets */ = {isa = PBXFileReference; lastKnownFileType = folder.assetcatalog; path = Assets.xcassets; sourceTree = "<group>"; };
		33706C1E272265DE0036CA5C /* Base */ = {isa = PBXFileReference; lastKnownFileType = file.storyboard; name = Base; path = Base.lproj/LaunchScreen.storyboard; sourceTree = "<group>"; };
		33706C20272265DE0036CA5C /* Info.plist */ = {isa = PBXFileReference; lastKnownFileType = text.plist.xml; path = Info.plist; sourceTree = "<group>"; };
		33706C26272269FE0036CA5C /* NextViewController.swift */ = {isa = PBXFileReference; lastKnownFileType = sourcecode.swift; path = NextViewController.swift; sourceTree = "<group>"; };
/* End PBXFileReference section */

/* Begin PBXFrameworksBuildPhase section */
		33706C09272265DB0036CA5C /* Frameworks */ = {
			isa = PBXFrameworksBuildPhase;
			buildActionMask = 2147483647;
			files = (
			);
			runOnlyForDeploymentPostprocessing = 0;
		};
/* End PBXFrameworksBuildPhase section */

/* Begin PBXGroup section */
		33706C03272265DB0036CA5C = {
			isa = PBXGroup;
			children = (
				33706C0E272265DB0036CA5C /* LedPrac */,
				33706C0D272265DB0036CA5C /* Products */,
			);
			sourceTree = "<group>";
		};
		33706C0D272265DB0036CA5C /* Products */ = {
			isa = PBXGroup;
			children = (
				33706C0C272265DB0036CA5C /* LedPrac.app */,
			);
			name = Products;
			sourceTree = "<group>";
		};
		33706C0E272265DB0036CA5C /* LedPrac */ = {
			isa = PBXGroup;
			children = (
				33706C0F272265DB0036CA5C /* AppDelegate.swift */,
				33706C11272265DB0036CA5C /* SceneDelegate.swift */,
				33706C13272265DB0036CA5C /* ViewController.swift */,
				33706C26272269FE0036CA5C /* NextViewController.swift */,
				33706C15272265DB0036CA5C /* Main.storyboard */,
				33706C1B272265DE0036CA5C /* Assets.xcassets */,
				33706C1D272265DE0036CA5C /* LaunchScreen.storyboard */,
				33706C20272265DE0036CA5C /* Info.plist */,
				33706C18272265DB0036CA5C /* LedPrac.xcdatamodeld */,
			);
			path = LedPrac;
			sourceTree = "<group>";
		};
/* End PBXGroup section */

/* Begin PBXNativeTarget section */
		33706C0B272265DB0036CA5C /* LedPrac */ = {
			isa = PBXNativeTarget;
			buildConfigurationList = 33706C23272265DE0036CA5C /* Build configuration list for PBXNativeTarget "LedPrac" */;
			buildPhases = (
				33706C08272265DB0036CA5C /* Sources */,
				33706C09272265DB0036CA5C /* Frameworks */,
				33706C0A272265DB0036CA5C /* Resources */,
			);
			buildRules = (
			);
			dependencies = (
			);
			name = LedPrac;
			productName = LedPrac;
			productReference = 33706C0C272265DB0036CA5C /* LedPrac.app */;
			productType = "com.apple.product-type.application";
		};
/* End PBXNativeTarget section */

/* Begin PBXProject section */
		33706C04272265DB0036CA5C /* Project object */ = {
			isa = PBXProject;
			attributes = {
				LastSwiftUpdateCheck = 1250;
				LastUpgradeCheck = 1250;
				TargetAttributes = {
					33706C0B272265DB0036CA5C = {
						CreatedOnToolsVersion = 12.5.1;
					};
				};
			};
			buildConfigurationList = 33706C07272265DB0036CA5C /* Build configuration list for PBXProject "LedPrac" */;
			compatibilityVersion = "Xcode 9.3";
			developmentRegion = en;
			hasScannedForEncodings = 0;
			knownRegions = (
				en,
				Base,
			);
			mainGroup = 33706C03272265DB0036CA5C;
			productRefGroup = 33706C0D272265DB0036CA5C /* Products */;
			projectDirPath = "";
			projectRoot = "";
			targets = (
				33706C0B272265DB0036CA5C /* LedPrac */,
			);
		};
/* End PBXProject section */

/* Begin PBXResourcesBuildPhase section */
		33706C0A272265DB0036CA5C /* Resources */ = {
			isa = PBXResourcesBuildPhase;
			buildActionMask = 2147483647;
			files = (
				33706C1F272265DE0036CA5C /* LaunchScreen.storyboard in Resources */,
				33706C1C272265DE0036CA5C /* Assets.xcassets in Resources */,
				33706C17272265DB0036CA5C /* Main.storyboard in Resources */,
			);
			runOnlyForDeploymentPostprocessing = 0;
		};
/* End PBXResourcesBuildPhase section */

/* Begin PBXSourcesBuildPhase section */
		33706C08272265DB0036CA5C /* Sources */ = {
			isa = PBXSourcesBuildPhase;
			buildActionMask = 2147483647;
			files = (
				33706C27272269FF0036CA5C /* NextViewController.swift in Sources */,
				33706C14272265DB0036CA5C /* ViewController.swift in Sources */,
				33706C10272265DB0036CA5C /* AppDelegate.swift in Sources */,
				33706C12272265DB0036CA5C /* SceneDelegate.swift in Sources */,
				33706C1A272265DB0036CA5C /* LedPrac.xcdatamodeld in Sources */,
			);
			runOnlyForDeploymentPostprocessing = 0;
		};
/* End PBXSourcesBuildPhase section */

/* Begin PBXVariantGroup section */
		33706C15272265DB0036CA5C /* Main.storyboard */ = {
			isa = PBXVariantGroup;
			children = (
				33706C16272265DB0036CA5C /* Base */,
			);
			name = Main.storyboard;
			sourceTree = "<group>";
		};
		33706C1D272265DE0036CA5C /* LaunchScreen.storyboard */ = {
			isa = PBXVariantGroup;
			children = (
				33706C1E272265DE0036CA5C /* Base */,
			);
			name = LaunchScreen.storyboard;
			sourceTree = "<group>";
		};
/* End PBXVariantGroup section */

/* Begin XCBuildConfiguration section */
		33706C21272265DE0036CA5C /* Debug */ = {
			isa = XCBuildConfiguration;
			buildSettings = {
				ALWAYS_SEARCH_USER_PATHS = NO;
				CLANG_ANALYZER_NONNULL = YES;
				CLANG_ANALYZER_NUMBER_OBJECT_CONVERSION = YES_AGGRESSIVE;
				CLANG_CXX_LANGUAGE_STANDARD = "gnu++14";
				CLANG_CXX_LIBRARY = "libc++";
				CLANG_ENABLE_MODULES = YES;
				CLANG_ENABLE_OBJC_ARC = YES;
				CLANG_ENABLE_OBJC_WEAK = YES;
				CLANG_WARN_BLOCK_CAPTURE_AUTORELEASING = YES;
				CLANG_WARN_BOOL_CONVERSION = YES;
				CLANG_WARN_COMMA = YES;
				CLANG_WARN_CONSTANT_CONVERSION = YES;
				CLANG_WARN_DEPRECATED_OBJC_IMPLEMENTATIONS = YES;
				CLANG_WARN_DIRECT_OBJC_ISA_USAGE = YES_ERROR;
				CLANG_WARN_DOCUMENTATION_COMMENTS = YES;
				CLANG_WARN_EMPTY_BODY = YES;
				CLANG_WARN_ENUM_CONVERSION = YES;
				CLANG_WARN_INFINITE_RECURSION = YES;
				CLANG_WARN_INT_CONVERSION = YES;
				CLANG_WARN_NON_LITERAL_NULL_CONVERSION = YES;
				CLANG_WARN_OBJC_IMPLICIT_RETAIN_SELF = YES;
				CLANG_WARN_OBJC_LITERAL_CONVERSION = YES;
				CLANG_WARN_OBJC_ROOT_CLASS = YES_ERROR;
				CLANG_WARN_QUOTED_INCLUDE_IN_FRAMEWORK_HEADER = YES;
				CLANG_WARN_RANGE_LOOP_ANALYSIS = YES;
				CLANG_WARN_STRICT_PROTOTYPES = YES;
				CLANG_WARN_SUSPICIOUS_MOVE = YES;
				CLANG_WARN_UNGUARDED_AVAILABILITY = YES_AGGRESSIVE;
				CLANG_WARN_UNREACHABLE_CODE = YES;
				CLANG_WARN__DUPLICATE_METHOD_MATCH = YES;
				COPY_PHASE_STRIP = NO;
				DEBUG_INFORMATION_FORMAT = dwarf;
				ENABLE_STRICT_OBJC_MSGSEND = YES;
				ENABLE_TESTABILITY = YES;
				GCC_C_LANGUAGE_STANDARD = gnu11;
				GCC_DYNAMIC_NO_PIC = NO;
				GCC_NO_COMMON_BLOCKS = YES;
				GCC_OPTIMIZATION_LEVEL = 0;
				GCC_PREPROCESSOR_DEFINITIONS = (
					"DEBUG=1",
					"$(inherited)",
				);
				GCC_WARN_64_TO_32_BIT_CONVERSION = YES;
				GCC_WARN_ABOUT_RETURN_TYPE = YES_ERROR;
				GCC_WARN_UNDECLARED_SELECTOR = YES;
				GCC_WARN_UNINITIALIZED_AUTOS = YES_AGGRESSIVE;
				GCC_WARN_UNUSED_FUNCTION = YES;
				GCC_WARN_UNUSED_VARIABLE = YES;
				IPHONEOS_DEPLOYMENT_TARGET = 14.5;
				MTL_ENABLE_DEBUG_INFO = INCLUDE_SOURCE;
				MTL_FAST_MATH = YES;
				ONLY_ACTIVE_ARCH = YES;
				SDKROOT = iphoneos;
				SWIFT_ACTIVE_COMPILATION_CONDITIONS = DEBUG;
				SWIFT_OPTIMIZATION_LEVEL = "-Onone";
			};
			name = Debug;
		};
		33706C22272265DE0036CA5C /* Release */ = {
			isa = XCBuildConfiguration;
			buildSettings = {
				ALWAYS_SEARCH_USER_PATHS = NO;
				CLANG_ANALYZER_NONNULL = YES;
				CLANG_ANALYZER_NUMBER_OBJECT_CONVERSION = YES_AGGRESSIVE;
				CLANG_CXX_LANGUAGE_STANDARD = "gnu++14";
				CLANG_CXX_LIBRARY = "libc++";
				CLANG_ENABLE_MODULES = YES;
				CLANG_ENABLE_OBJC_ARC = YES;
				CLANG_ENABLE_OBJC_WEAK = YES;
				CLANG_WARN_BLOCK_CAPTURE_AUTORELEASING = YES;
				CLANG_WARN_BOOL_CONVERSION = YES;
				CLANG_WARN_COMMA = YES;
				CLANG_WARN_CONSTANT_CONVERSION = YES;
				CLANG_WARN_DEPRECATED_OBJC_IMPLEMENTATIONS = YES;
				CLANG_WARN_DIRECT_OBJC_ISA_USAGE = YES_ERROR;
				CLANG_WARN_DOCUMENTATION_COMMENTS = YES;
				CLANG_WARN_EMPTY_BODY = YES;
				CLANG_WARN_ENUM_CONVERSION = YES;
				CLANG_WARN_INFINITE_RECURSION = YES;
				CLANG_WARN_INT_CONVERSION = YES;
				CLANG_WARN_NON_LITERAL_NULL_CONVERSION = YES;
				CLANG_WARN_OBJC_IMPLICIT_RETAIN_SELF = YES;
				CLANG_WARN_OBJC_LITERAL_CONVERSION = YES;
				CLANG_WARN_OBJC_ROOT_CLASS = YES_ERROR;
				CLANG_WARN_QUOTED_INCLUDE_IN_FRAMEWORK_HEADER = YES;
				CLANG_WARN_RANGE_LOOP_ANALYSIS = YES;
				CLANG_WARN_STRICT_PROTOTYPES = YES;
				CLANG_WARN_SUSPICIOUS_MOVE = YES;
				CLANG_WARN_UNGUARDED_AVAILABILITY = YES_AGGRESSIVE;
				CLANG_WARN_UNREACHABLE_CODE = YES;
				CLANG_WARN__DUPLICATE_METHOD_MATCH = YES;
				COPY_PHASE_STRIP = NO;
				DEBUG_INFORMATION_FORMAT = "dwarf-with-dsym";
				ENABLE_NS_ASSERTIONS = NO;
				ENABLE_STRICT_OBJC_MSGSEND = YES;
				GCC_C_LANGUAGE_STANDARD = gnu11;
				GCC_NO_COMMON_BLOCKS = YES;
				GCC_WARN_64_TO_32_BIT_CONVERSION = YES;
				GCC_WARN_ABOUT_RETURN_TYPE = YES_ERROR;
				GCC_WARN_UNDECLARED_SELECTOR = YES;
				GCC_WARN_UNINITIALIZED_AUTOS = YES_AGGRESSIVE;
				GCC_WARN_UNUSED_FUNCTION = YES;
				GCC_WARN_UNUSED_VARIABLE = YES;
				IPHONEOS_DEPLOYMENT_TARGET = 14.5;
				MTL_ENABLE_DEBUG_INFO = NO;
				MTL_FAST_MATH = YES;
				SDKROOT = iphoneos;
				SWIFT_COMPILATION_MODE = wholemodule;
				SWIFT_OPTIMIZATION_LEVEL = "-O";
				VALIDATE_PRODUCT = YES;
			};
			name = Release;
		};
		33706C24272265DE0036CA5C /* Debug */ = {
			isa = XCBuildConfiguration;
			buildSettings = {
				ASSETCATALOG_COMPILER_APPICON_NAME = AppIcon;
				ASSETCATALOG_COMPILER_GLOBAL_ACCENT_COLOR_NAME = AccentColor;
				CODE_SIGN_STYLE = Automatic;
				DEVELOPMENT_TEAM = N4ZNP7J459;
				INFOPLIST_FILE = LedPrac/Info.plist;
				LD_RUNPATH_SEARCH_PATHS = (
					"$(inherited)",
					"@executable_path/Frameworks",
				);
				PRODUCT_BUNDLE_IDENTIFIER = UCDAyoung.LedPrac;
				PRODUCT_NAME = "$(TARGET_NAME)";
				SWIFT_VERSION = 5.0;
				TARGETED_DEVICE_FAMILY = "1,2";
			};
			name = Debug;
		};
		33706C25272265DE0036CA5C /* Release */ = {
			isa = XCBuildConfiguration;
			buildSettings = {
				ASSETCATALOG_COMPILER_APPICON_NAME = AppIcon;
				ASSETCATALOG_COMPILER_GLOBAL_ACCENT_COLOR_NAME = AccentColor;
				CODE_SIGN_STYLE = Automatic;
				DEVELOPMENT_TEAM = N4ZNP7J459;
				INFOPLIST_FILE = LedPrac/Info.plist;
				LD_RUNPATH_SEARCH_PATHS = (
					"$(inherited)",
					"@executable_path/Frameworks",
				);
				PRODUCT_BUNDLE_IDENTIFIER = UCDAyoung.LedPrac;
				PRODUCT_NAME = "$(TARGET_NAME)";
				SWIFT_VERSION = 5.0;
				TARGETED_DEVICE_FAMILY = "1,2";
			};
			name = Release;
		};
/* End XCBuildConfiguration section */

/* Begin XCConfigurationList section */
		33706C07272265DB0036CA5C /* Build configuration list for PBXProject "LedPrac" */ = {
			isa = XCConfigurationList;
			buildConfigurations = (
				33706C21272265DE0036CA5C /* Debug */,
				33706C22272265DE0036CA5C /* Release */,
			);
			defaultConfigurationIsVisible = 0;
			defaultConfigurationName = Release;
		};
		33706C23272265DE0036CA5C /* Build configuration list for PBXNativeTarget "LedPrac" */ = {
			isa = XCConfigurationList;
			buildConfigurations = (
				33706C24272265DE0036CA5C /* Debug */,
				33706C25272265DE0036CA5C /* Release */,
			);
			defaultConfigurationIsVisible = 0;
			defaultConfigurationName = Release;
		};
/* End XCConfigurationList section */

/* Begin XCVersionGroup section */
		33706C18272265DB0036CA5C /* LedPrac.xcdatamodeld */ = {
			isa = XCVersionGroup;
			children = (
				33706C19272265DB0036CA5C /* LedPrac.xcdatamodel */,
			);
			currentVersion = 33706C19272265DB0036CA5C /* LedPrac.xcdatamodel */;
			path = LedPrac.xcdatamodeld;
			sourceTree = "<group>";
			versionGroupType = wrapper.xcdatamodel;
		};
/* End XCVersionGroup section */
	};
	rootObject = 33706C04272265DB0036CA5C /* Project object */;
}
