// !$*UTF8*$!
{
	archiveVersion = 1;
	classes = {
	};
	objectVersion = 55;
	objects = {

/* Begin PBXBuildFile section */
		335C1802277ACCFD008659C4 /* AppDelegate.swift in Sources */ = {isa = PBXBuildFile; fileRef = 335C1801277ACCFD008659C4 /* AppDelegate.swift */; };
		335C1804277ACCFD008659C4 /* SceneDelegate.swift in Sources */ = {isa = PBXBuildFile; fileRef = 335C1803277ACCFD008659C4 /* SceneDelegate.swift */; };
		335C1806277ACCFD008659C4 /* ViewController.swift in Sources */ = {isa = PBXBuildFile; fileRef = 335C1805277ACCFD008659C4 /* ViewController.swift */; };
		335C1809277ACCFD008659C4 /* Main.storyboard in Resources */ = {isa = PBXBuildFile; fileRef = 335C1807277ACCFD008659C4 /* Main.storyboard */; };
		335C180C277ACCFD008659C4 /* UsingLibrary.xcdatamodeld in Sources */ = {isa = PBXBuildFile; fileRef = 335C180A277ACCFD008659C4 /* UsingLibrary.xcdatamodeld */; };
		335C180E277ACCFF008659C4 /* Assets.xcassets in Resources */ = {isa = PBXBuildFile; fileRef = 335C180D277ACCFF008659C4 /* Assets.xcassets */; };
		335C1811277ACCFF008659C4 /* LaunchScreen.storyboard in Resources */ = {isa = PBXBuildFile; fileRef = 335C180F277ACCFF008659C4 /* LaunchScreen.storyboard */; };
		80020C66E98F73FBDB183F13 /* Pods_UsingLibrary.framework in Frameworks */ = {isa = PBXBuildFile; fileRef = B409A7BB429BEF44BB625CD1 /* Pods_UsingLibrary.framework */; };
/* End PBXBuildFile section */

/* Begin PBXFileReference section */
		0F65957E594246F716316922 /* Pods-UsingLibrary.debug.xcconfig */ = {isa = PBXFileReference; includeInIndex = 1; lastKnownFileType = text.xcconfig; name = "Pods-UsingLibrary.debug.xcconfig"; path = "Target Support Files/Pods-UsingLibrary/Pods-UsingLibrary.debug.xcconfig"; sourceTree = "<group>"; };
		335C17FE277ACCFD008659C4 /* UsingLibrary.app */ = {isa = PBXFileReference; explicitFileType = wrapper.application; includeInIndex = 0; path = UsingLibrary.app; sourceTree = BUILT_PRODUCTS_DIR; };
		335C1801277ACCFD008659C4 /* AppDelegate.swift */ = {isa = PBXFileReference; lastKnownFileType = sourcecode.swift; path = AppDelegate.swift; sourceTree = "<group>"; };
		335C1803277ACCFD008659C4 /* SceneDelegate.swift */ = {isa = PBXFileReference; lastKnownFileType = sourcecode.swift; path = SceneDelegate.swift; sourceTree = "<group>"; };
		335C1805277ACCFD008659C4 /* ViewController.swift */ = {isa = PBXFileReference; lastKnownFileType = sourcecode.swift; path = ViewController.swift; sourceTree = "<group>"; };
		335C1808277ACCFD008659C4 /* Base */ = {isa = PBXFileReference; lastKnownFileType = file.storyboard; name = Base; path = Base.lproj/Main.storyboard; sourceTree = "<group>"; };
		335C180B277ACCFD008659C4 /* UsingLibrary.xcdatamodel */ = {isa = PBXFileReference; lastKnownFileType = wrapper.xcdatamodel; path = UsingLibrary.xcdatamodel; sourceTree = "<group>"; };
		335C180D277ACCFF008659C4 /* Assets.xcassets */ = {isa = PBXFileReference; lastKnownFileType = folder.assetcatalog; path = Assets.xcassets; sourceTree = "<group>"; };
		335C1810277ACCFF008659C4 /* Base */ = {isa = PBXFileReference; lastKnownFileType = file.storyboard; name = Base; path = Base.lproj/LaunchScreen.storyboard; sourceTree = "<group>"; };
		335C1812277ACCFF008659C4 /* Info.plist */ = {isa = PBXFileReference; lastKnownFileType = text.plist.xml; path = Info.plist; sourceTree = "<group>"; };
		94C57FA2462A5461280C997A /* Pods-UsingLibrary.release.xcconfig */ = {isa = PBXFileReference; includeInIndex = 1; lastKnownFileType = text.xcconfig; name = "Pods-UsingLibrary.release.xcconfig"; path = "Target Support Files/Pods-UsingLibrary/Pods-UsingLibrary.release.xcconfig"; sourceTree = "<group>"; };
		B409A7BB429BEF44BB625CD1 /* Pods_UsingLibrary.framework */ = {isa = PBXFileReference; explicitFileType = wrapper.framework; includeInIndex = 0; path = Pods_UsingLibrary.framework; sourceTree = BUILT_PRODUCTS_DIR; };
/* End PBXFileReference section */

/* Begin PBXFrameworksBuildPhase section */
		335C17FB277ACCFD008659C4 /* Frameworks */ = {
			isa = PBXFrameworksBuildPhase;
			buildActionMask = 2147483647;
			files = (
				80020C66E98F73FBDB183F13 /* Pods_UsingLibrary.framework in Frameworks */,
			);
			runOnlyForDeploymentPostprocessing = 0;
		};
/* End PBXFrameworksBuildPhase section */

/* Begin PBXGroup section */
		0749FEFB735BEB2341812A9E /* Pods */ = {
			isa = PBXGroup;
			children = (
				0F65957E594246F716316922 /* Pods-UsingLibrary.debug.xcconfig */,
				94C57FA2462A5461280C997A /* Pods-UsingLibrary.release.xcconfig */,
			);
			name = Pods;
			path = Pods;
			sourceTree = "<group>";
		};
		335C17F5277ACCFD008659C4 = {
			isa = PBXGroup;
			children = (
				335C1800277ACCFD008659C4 /* UsingLibrary */,
				335C17FF277ACCFD008659C4 /* Products */,
				0749FEFB735BEB2341812A9E /* Pods */,
				D5B7D07A4D39BA829BCE2772 /* Frameworks */,
			);
			sourceTree = "<group>";
		};
		335C17FF277ACCFD008659C4 /* Products */ = {
			isa = PBXGroup;
			children = (
				335C17FE277ACCFD008659C4 /* UsingLibrary.app */,
			);
			name = Products;
			sourceTree = "<group>";
		};
		335C1800277ACCFD008659C4 /* UsingLibrary */ = {
			isa = PBXGroup;
			children = (
				335C1801277ACCFD008659C4 /* AppDelegate.swift */,
				335C1803277ACCFD008659C4 /* SceneDelegate.swift */,
				335C1805277ACCFD008659C4 /* ViewController.swift */,
				335C1807277ACCFD008659C4 /* Main.storyboard */,
				335C180D277ACCFF008659C4 /* Assets.xcassets */,
				335C180F277ACCFF008659C4 /* LaunchScreen.storyboard */,
				335C1812277ACCFF008659C4 /* Info.plist */,
				335C180A277ACCFD008659C4 /* UsingLibrary.xcdatamodeld */,
			);
			path = UsingLibrary;
			sourceTree = "<group>";
		};
		D5B7D07A4D39BA829BCE2772 /* Frameworks */ = {
			isa = PBXGroup;
			children = (
				B409A7BB429BEF44BB625CD1 /* Pods_UsingLibrary.framework */,
			);
			name = Frameworks;
			sourceTree = "<group>";
		};
/* End PBXGroup section */

/* Begin PBXNativeTarget section */
		335C17FD277ACCFD008659C4 /* UsingLibrary */ = {
			isa = PBXNativeTarget;
			buildConfigurationList = 335C1815277ACCFF008659C4 /* Build configuration list for PBXNativeTarget "UsingLibrary" */;
			buildPhases = (
				545C4CF587403E4C1B026F66 /* [CP] Check Pods Manifest.lock */,
				335C17FA277ACCFD008659C4 /* Sources */,
				335C17FB277ACCFD008659C4 /* Frameworks */,
				335C17FC277ACCFD008659C4 /* Resources */,
				CFD19781BCD745AC1F1D1090 /* [CP] Embed Pods Frameworks */,
			);
			buildRules = (
			);
			dependencies = (
			);
			name = UsingLibrary;
			productName = UsingLibrary;
			productReference = 335C17FE277ACCFD008659C4 /* UsingLibrary.app */;
			productType = "com.apple.product-type.application";
		};
/* End PBXNativeTarget section */

/* Begin PBXProject section */
		335C17F6277ACCFD008659C4 /* Project object */ = {
			isa = PBXProject;
			attributes = {
				BuildIndependentTargetsInParallel = 1;
				LastSwiftUpdateCheck = 1310;
				LastUpgradeCheck = 1310;
				TargetAttributes = {
					335C17FD277ACCFD008659C4 = {
						CreatedOnToolsVersion = 13.1;
					};
				};
			};
			buildConfigurationList = 335C17F9277ACCFD008659C4 /* Build configuration list for PBXProject "UsingLibrary" */;
			compatibilityVersion = "Xcode 13.0";
			developmentRegion = en;
			hasScannedForEncodings = 0;
			knownRegions = (
				en,
				Base,
			);
			mainGroup = 335C17F5277ACCFD008659C4;
			productRefGroup = 335C17FF277ACCFD008659C4 /* Products */;
			projectDirPath = "";
			projectRoot = "";
			targets = (
				335C17FD277ACCFD008659C4 /* UsingLibrary */,
			);
		};
/* End PBXProject section */

/* Begin PBXResourcesBuildPhase section */
		335C17FC277ACCFD008659C4 /* Resources */ = {
			isa = PBXResourcesBuildPhase;
			buildActionMask = 2147483647;
			files = (
				335C1811277ACCFF008659C4 /* LaunchScreen.storyboard in Resources */,
				335C180E277ACCFF008659C4 /* Assets.xcassets in Resources */,
				335C1809277ACCFD008659C4 /* Main.storyboard in Resources */,
			);
			runOnlyForDeploymentPostprocessing = 0;
		};
/* End PBXResourcesBuildPhase section */

/* Begin PBXShellScriptBuildPhase section */
		545C4CF587403E4C1B026F66 /* [CP] Check Pods Manifest.lock */ = {
			isa = PBXShellScriptBuildPhase;
			buildActionMask = 2147483647;
			files = (
			);
			inputFileListPaths = (
			);
			inputPaths = (
				"${PODS_PODFILE_DIR_PATH}/Podfile.lock",
				"${PODS_ROOT}/Manifest.lock",
			);
			name = "[CP] Check Pods Manifest.lock";
			outputFileListPaths = (
			);
			outputPaths = (
				"$(DERIVED_FILE_DIR)/Pods-UsingLibrary-checkManifestLockResult.txt",
			);
			runOnlyForDeploymentPostprocessing = 0;
			shellPath = /bin/sh;
			shellScript = "diff \"${PODS_PODFILE_DIR_PATH}/Podfile.lock\" \"${PODS_ROOT}/Manifest.lock\" > /dev/null\nif [ $? != 0 ] ; then\n    # print error to STDERR\n    echo \"error: The sandbox is not in sync with the Podfile.lock. Run 'pod install' or update your CocoaPods installation.\" >&2\n    exit 1\nfi\n# This output is used by Xcode 'outputs' to avoid re-running this script phase.\necho \"SUCCESS\" > \"${SCRIPT_OUTPUT_FILE_0}\"\n";
			showEnvVarsInLog = 0;
		};
		CFD19781BCD745AC1F1D1090 /* [CP] Embed Pods Frameworks */ = {
			isa = PBXShellScriptBuildPhase;
			buildActionMask = 2147483647;
			files = (
			);
			inputFileListPaths = (
				"${PODS_ROOT}/Target Support Files/Pods-UsingLibrary/Pods-UsingLibrary-frameworks-${CONFIGURATION}-input-files.xcfilelist",
			);
			name = "[CP] Embed Pods Frameworks";
			outputFileListPaths = (
				"${PODS_ROOT}/Target Support Files/Pods-UsingLibrary/Pods-UsingLibrary-frameworks-${CONFIGURATION}-output-files.xcfilelist",
			);
			runOnlyForDeploymentPostprocessing = 0;
			shellPath = /bin/sh;
			shellScript = "\"${PODS_ROOT}/Target Support Files/Pods-UsingLibrary/Pods-UsingLibrary-frameworks.sh\"\n";
			showEnvVarsInLog = 0;
		};
/* End PBXShellScriptBuildPhase section */

/* Begin PBXSourcesBuildPhase section */
		335C17FA277ACCFD008659C4 /* Sources */ = {
			isa = PBXSourcesBuildPhase;
			buildActionMask = 2147483647;
			files = (
				335C180C277ACCFD008659C4 /* UsingLibrary.xcdatamodeld in Sources */,
				335C1806277ACCFD008659C4 /* ViewController.swift in Sources */,
				335C1802277ACCFD008659C4 /* AppDelegate.swift in Sources */,
				335C1804277ACCFD008659C4 /* SceneDelegate.swift in Sources */,
			);
			runOnlyForDeploymentPostprocessing = 0;
		};
/* End PBXSourcesBuildPhase section */

/* Begin PBXVariantGroup section */
		335C1807277ACCFD008659C4 /* Main.storyboard */ = {
			isa = PBXVariantGroup;
			children = (
				335C1808277ACCFD008659C4 /* Base */,
			);
			name = Main.storyboard;
			sourceTree = "<group>";
		};
		335C180F277ACCFF008659C4 /* LaunchScreen.storyboard */ = {
			isa = PBXVariantGroup;
			children = (
				335C1810277ACCFF008659C4 /* Base */,
			);
			name = LaunchScreen.storyboard;
			sourceTree = "<group>";
		};
/* End PBXVariantGroup section */

/* Begin XCBuildConfiguration section */
		335C1813277ACCFF008659C4 /* Debug */ = {
			isa = XCBuildConfiguration;
			buildSettings = {
				ALWAYS_SEARCH_USER_PATHS = NO;
				CLANG_ANALYZER_NONNULL = YES;
				CLANG_ANALYZER_NUMBER_OBJECT_CONVERSION = YES_AGGRESSIVE;
				CLANG_CXX_LANGUAGE_STANDARD = "gnu++17";
				CLANG_CXX_LIBRARY = "libc++";
				CLANG_ENABLE_MODULES = YES;
				CLANG_ENABLE_OBJC_ARC = YES;
				CLANG_ENABLE_OBJC_WEAK = YES;
				CLANG_WARN_BLOCK_CAPTURE_AUTORELEASING = YES;
				CLANG_WARN_BOOL_CONVERSION = YES;
				CLANG_WARN_COMMA = YES;
				CLANG_WARN_CONSTANT_CONVERSION = YES;
				CLANG_WARN_DEPRECATED_OBJC_IMPLEMENTATIONS = YES;
				CLANG_WARN_DIRECT_OBJC_ISA_USAGE = YES_ERROR;
				CLANG_WARN_DOCUMENTATION_COMMENTS = YES;
				CLANG_WARN_EMPTY_BODY = YES;
				CLANG_WARN_ENUM_CONVERSION = YES;
				CLANG_WARN_INFINITE_RECURSION = YES;
				CLANG_WARN_INT_CONVERSION = YES;
				CLANG_WARN_NON_LITERAL_NULL_CONVERSION = YES;
				CLANG_WARN_OBJC_IMPLICIT_RETAIN_SELF = YES;
				CLANG_WARN_OBJC_LITERAL_CONVERSION = YES;
				CLANG_WARN_OBJC_ROOT_CLASS = YES_ERROR;
				CLANG_WARN_QUOTED_INCLUDE_IN_FRAMEWORK_HEADER = YES;
				CLANG_WARN_RANGE_LOOP_ANALYSIS = YES;
				CLANG_WARN_STRICT_PROTOTYPES = YES;
				CLANG_WARN_SUSPICIOUS_MOVE = YES;
				CLANG_WARN_UNGUARDED_AVAILABILITY = YES_AGGRESSIVE;
				CLANG_WARN_UNREACHABLE_CODE = YES;
				CLANG_WARN__DUPLICATE_METHOD_MATCH = YES;
				COPY_PHASE_STRIP = NO;
				DEBUG_INFORMATION_FORMAT = dwarf;
				ENABLE_STRICT_OBJC_MSGSEND = YES;
				ENABLE_TESTABILITY = YES;
				GCC_C_LANGUAGE_STANDARD = gnu11;
				GCC_DYNAMIC_NO_PIC = NO;
				GCC_NO_COMMON_BLOCKS = YES;
				GCC_OPTIMIZATION_LEVEL = 0;
				GCC_PREPROCESSOR_DEFINITIONS = (
					"DEBUG=1",
					"$(inherited)",
				);
				GCC_WARN_64_TO_32_BIT_CONVERSION = YES;
				GCC_WARN_ABOUT_RETURN_TYPE = YES_ERROR;
				GCC_WARN_UNDECLARED_SELECTOR = YES;
				GCC_WARN_UNINITIALIZED_AUTOS = YES_AGGRESSIVE;
				GCC_WARN_UNUSED_FUNCTION = YES;
				GCC_WARN_UNUSED_VARIABLE = YES;
				IPHONEOS_DEPLOYMENT_TARGET = 15.0;
				MTL_ENABLE_DEBUG_INFO = INCLUDE_SOURCE;
				MTL_FAST_MATH = YES;
				ONLY_ACTIVE_ARCH = YES;
				SDKROOT = iphoneos;
				SWIFT_ACTIVE_COMPILATION_CONDITIONS = DEBUG;
				SWIFT_OPTIMIZATION_LEVEL = "-Onone";
			};
			name = Debug;
		};
		335C1814277ACCFF008659C4 /* Release */ = {
			isa = XCBuildConfiguration;
			buildSettings = {
				ALWAYS_SEARCH_USER_PATHS = NO;
				CLANG_ANALYZER_NONNULL = YES;
				CLANG_ANALYZER_NUMBER_OBJECT_CONVERSION = YES_AGGRESSIVE;
				CLANG_CXX_LANGUAGE_STANDARD = "gnu++17";
				CLANG_CXX_LIBRARY = "libc++";
				CLANG_ENABLE_MODULES = YES;
				CLANG_ENABLE_OBJC_ARC = YES;
				CLANG_ENABLE_OBJC_WEAK = YES;
				CLANG_WARN_BLOCK_CAPTURE_AUTORELEASING = YES;
				CLANG_WARN_BOOL_CONVERSION = YES;
				CLANG_WARN_COMMA = YES;
				CLANG_WARN_CONSTANT_CONVERSION = YES;
				CLANG_WARN_DEPRECATED_OBJC_IMPLEMENTATIONS = YES;
				CLANG_WARN_DIRECT_OBJC_ISA_USAGE = YES_ERROR;
				CLANG_WARN_DOCUMENTATION_COMMENTS = YES;
				CLANG_WARN_EMPTY_BODY = YES;
				CLANG_WARN_ENUM_CONVERSION = YES;
				CLANG_WARN_INFINITE_RECURSION = YES;
				CLANG_WARN_INT_CONVERSION = YES;
				CLANG_WARN_NON_LITERAL_NULL_CONVERSION = YES;
				CLANG_WARN_OBJC_IMPLICIT_RETAIN_SELF = YES;
				CLANG_WARN_OBJC_LITERAL_CONVERSION = YES;
				CLANG_WARN_OBJC_ROOT_CLASS = YES_ERROR;
				CLANG_WARN_QUOTED_INCLUDE_IN_FRAMEWORK_HEADER = YES;
				CLANG_WARN_RANGE_LOOP_ANALYSIS = YES;
				CLANG_WARN_STRICT_PROTOTYPES = YES;
				CLANG_WARN_SUSPICIOUS_MOVE = YES;
				CLANG_WARN_UNGUARDED_AVAILABILITY = YES_AGGRESSIVE;
				CLANG_WARN_UNREACHABLE_CODE = YES;
				CLANG_WARN__DUPLICATE_METHOD_MATCH = YES;
				COPY_PHASE_STRIP = NO;
				DEBUG_INFORMATION_FORMAT = "dwarf-with-dsym";
				ENABLE_NS_ASSERTIONS = NO;
				ENABLE_STRICT_OBJC_MSGSEND = YES;
				GCC_C_LANGUAGE_STANDARD = gnu11;
				GCC_NO_COMMON_BLOCKS = YES;
				GCC_WARN_64_TO_32_BIT_CONVERSION = YES;
				GCC_WARN_ABOUT_RETURN_TYPE = YES_ERROR;
				GCC_WARN_UNDECLARED_SELECTOR = YES;
				GCC_WARN_UNINITIALIZED_AUTOS = YES_AGGRESSIVE;
				GCC_WARN_UNUSED_FUNCTION = YES;
				GCC_WARN_UNUSED_VARIABLE = YES;
				IPHONEOS_DEPLOYMENT_TARGET = 15.0;
				MTL_ENABLE_DEBUG_INFO = NO;
				MTL_FAST_MATH = YES;
				SDKROOT = iphoneos;
				SWIFT_COMPILATION_MODE = wholemodule;
				SWIFT_OPTIMIZATION_LEVEL = "-O";
				VALIDATE_PRODUCT = YES;
			};
			name = Release;
		};
		335C1816277ACCFF008659C4 /* Debug */ = {
			isa = XCBuildConfiguration;
			baseConfigurationReference = 0F65957E594246F716316922 /* Pods-UsingLibrary.debug.xcconfig */;
			buildSettings = {
				ASSETCATALOG_COMPILER_APPICON_NAME = AppIcon;
				ASSETCATALOG_COMPILER_GLOBAL_ACCENT_COLOR_NAME = AccentColor;
				CODE_SIGN_STYLE = Automatic;
				CURRENT_PROJECT_VERSION = 1;
				DEVELOPMENT_TEAM = N4ZNP7J459;
				GENERATE_INFOPLIST_FILE = YES;
				INFOPLIST_FILE = UsingLibrary/Info.plist;
				INFOPLIST_KEY_UIApplicationSupportsIndirectInputEvents = YES;
				INFOPLIST_KEY_UILaunchStoryboardName = LaunchScreen;
				INFOPLIST_KEY_UIMainStoryboardFile = Main;
				INFOPLIST_KEY_UISupportedInterfaceOrientations_iPad = "UIInterfaceOrientationPortrait UIInterfaceOrientationPortraitUpsideDown UIInterfaceOrientationLandscapeLeft UIInterfaceOrientationLandscapeRight";
				INFOPLIST_KEY_UISupportedInterfaceOrientations_iPhone = "UIInterfaceOrientationPortrait UIInterfaceOrientationLandscapeLeft UIInterfaceOrientationLandscapeRight";
				LD_RUNPATH_SEARCH_PATHS = (
					"$(inherited)",
					"@executable_path/Frameworks",
				);
				MARKETING_VERSION = 1.0;
				PRODUCT_BUNDLE_IDENTIFIER = UCDAyoung.UsingLibrary;
				PRODUCT_NAME = "$(TARGET_NAME)";
				SWIFT_EMIT_LOC_STRINGS = YES;
				SWIFT_VERSION = 5.0;
				TARGETED_DEVICE_FAMILY = "1,2";
			};
			name = Debug;
		};
		335C1817277ACCFF008659C4 /* Release */ = {
			isa = XCBuildConfiguration;
			baseConfigurationReference = 94C57FA2462A5461280C997A /* Pods-UsingLibrary.release.xcconfig */;
			buildSettings = {
				ASSETCATALOG_COMPILER_APPICON_NAME = AppIcon;
				ASSETCATALOG_COMPILER_GLOBAL_ACCENT_COLOR_NAME = AccentColor;
				CODE_SIGN_STYLE = Automatic;
				CURRENT_PROJECT_VERSION = 1;
				DEVELOPMENT_TEAM = N4ZNP7J459;
				GENERATE_INFOPLIST_FILE = YES;
				INFOPLIST_FILE = UsingLibrary/Info.plist;
				INFOPLIST_KEY_UIApplicationSupportsIndirectInputEvents = YES;
				INFOPLIST_KEY_UILaunchStoryboardName = LaunchScreen;
				INFOPLIST_KEY_UIMainStoryboardFile = Main;
				INFOPLIST_KEY_UISupportedInterfaceOrientations_iPad = "UIInterfaceOrientationPortrait UIInterfaceOrientationPortraitUpsideDown UIInterfaceOrientationLandscapeLeft UIInterfaceOrientationLandscapeRight";
				INFOPLIST_KEY_UISupportedInterfaceOrientations_iPhone = "UIInterfaceOrientationPortrait UIInterfaceOrientationLandscapeLeft UIInterfaceOrientationLandscapeRight";
				LD_RUNPATH_SEARCH_PATHS = (
					"$(inherited)",
					"@executable_path/Frameworks",
				);
				MARKETING_VERSION = 1.0;
				PRODUCT_BUNDLE_IDENTIFIER = UCDAyoung.UsingLibrary;
				PRODUCT_NAME = "$(TARGET_NAME)";
				SWIFT_EMIT_LOC_STRINGS = YES;
				SWIFT_VERSION = 5.0;
				TARGETED_DEVICE_FAMILY = "1,2";
			};
			name = Release;
		};
/* End XCBuildConfiguration section */

/* Begin XCConfigurationList section */
		335C17F9277ACCFD008659C4 /* Build configuration list for PBXProject "UsingLibrary" */ = {
			isa = XCConfigurationList;
			buildConfigurations = (
				335C1813277ACCFF008659C4 /* Debug */,
				335C1814277ACCFF008659C4 /* Release */,
			);
			defaultConfigurationIsVisible = 0;
			defaultConfigurationName = Release;
		};
		335C1815277ACCFF008659C4 /* Build configuration list for PBXNativeTarget "UsingLibrary" */ = {
			isa = XCConfigurationList;
			buildConfigurations = (
				335C1816277ACCFF008659C4 /* Debug */,
				335C1817277ACCFF008659C4 /* Release */,
			);
			defaultConfigurationIsVisible = 0;
			defaultConfigurationName = Release;
		};
/* End XCConfigurationList section */

/* Begin XCVersionGroup section */
		335C180A277ACCFD008659C4 /* UsingLibrary.xcdatamodeld */ = {
			isa = XCVersionGroup;
			children = (
				335C180B277ACCFD008659C4 /* UsingLibrary.xcdatamodel */,
			);
			currentVersion = 335C180B277ACCFD008659C4 /* UsingLibrary.xcdatamodel */;
			path = UsingLibrary.xcdatamodeld;
			sourceTree = "<group>";
			versionGroupType = wrapper.xcdatamodel;
		};
/* End XCVersionGroup section */
	};
	rootObject = 335C17F6277ACCFD008659C4 /* Project object */;
}
