// !$*UTF8*$!
{
	archiveVersion = 1;
	classes = {
	};
	objectVersion = 50;
	objects = {

/* Begin PBXBuildFile section */
		330F568226C756C1009569AC /* AppDelegate.swift in Sources */ = {isa = PBXBuildFile; fileRef = 330F568126C756C1009569AC /* AppDelegate.swift */; };
		330F568426C756C1009569AC /* SceneDelegate.swift in Sources */ = {isa = PBXBuildFile; fileRef = 330F568326C756C1009569AC /* SceneDelegate.swift */; };
		330F568626C756C1009569AC /* ViewController.swift in Sources */ = {isa = PBXBuildFile; fileRef = 330F568526C756C1009569AC /* ViewController.swift */; };
		330F568926C756C1009569AC /* Main.storyboard in Resources */ = {isa = PBXBuildFile; fileRef = 330F568726C756C1009569AC /* Main.storyboard */; };
		330F568B26C756C2009569AC /* Assets.xcassets in Resources */ = {isa = PBXBuildFile; fileRef = 330F568A26C756C2009569AC /* Assets.xcassets */; };
		330F568E26C756C2009569AC /* LaunchScreen.storyboard in Resources */ = {isa = PBXBuildFile; fileRef = 330F568C26C756C2009569AC /* LaunchScreen.storyboard */; };
		3338113B26CE83C00087DFE0 /* ProfileInfo.swift in Sources */ = {isa = PBXBuildFile; fileRef = 3338113A26CE83C00087DFE0 /* ProfileInfo.swift */; };
		33A2266526C8D2E900699557 /* ListTableViewCell.swift in Sources */ = {isa = PBXBuildFile; fileRef = 33A2266426C8D2E900699557 /* ListTableViewCell.swift */; };
		33A2266726C8D30B00699557 /* buttonTableViewCell.swift in Sources */ = {isa = PBXBuildFile; fileRef = 33A2266626C8D30B00699557 /* buttonTableViewCell.swift */; };
		33A2266A26C8D3B000699557 /* ProfileTableViewCell.swift in Sources */ = {isa = PBXBuildFile; fileRef = 33A2266926C8D3B000699557 /* ProfileTableViewCell.swift */; };
		33E2924626D254F7004C88F4 /* List + Favorites + Settings+Section.swift in Sources */ = {isa = PBXBuildFile; fileRef = 33E2924526D254F6004C88F4 /* List + Favorites + Settings+Section.swift */; };
		33E2924826D27BED004C88F4 /* HeaderInfo.swift in Sources */ = {isa = PBXBuildFile; fileRef = 33E2924726D27BED004C88F4 /* HeaderInfo.swift */; };
		33E2924C26D344B1004C88F4 /* Header.swift in Sources */ = {isa = PBXBuildFile; fileRef = 33E2924B26D344B1004C88F4 /* Header.swift */; };
/* End PBXBuildFile section */

/* Begin PBXFileReference section */
		330F567E26C756C1009569AC /* FacebookMe(onlyCode).app */ = {isa = PBXFileReference; explicitFileType = wrapper.application; includeInIndex = 0; path = "FacebookMe(onlyCode).app"; sourceTree = BUILT_PRODUCTS_DIR; };
		330F568126C756C1009569AC /* AppDelegate.swift */ = {isa = PBXFileReference; lastKnownFileType = sourcecode.swift; path = AppDelegate.swift; sourceTree = "<group>"; };
		330F568326C756C1009569AC /* SceneDelegate.swift */ = {isa = PBXFileReference; lastKnownFileType = sourcecode.swift; path = SceneDelegate.swift; sourceTree = "<group>"; };
		330F568526C756C1009569AC /* ViewController.swift */ = {isa = PBXFileReference; lastKnownFileType = sourcecode.swift; path = ViewController.swift; sourceTree = "<group>"; };
		330F568826C756C1009569AC /* Base */ = {isa = PBXFileReference; lastKnownFileType = file.storyboard; name = Base; path = Base.lproj/Main.storyboard; sourceTree = "<group>"; };
		330F568A26C756C2009569AC /* Assets.xcassets */ = {isa = PBXFileReference; lastKnownFileType = folder.assetcatalog; path = Assets.xcassets; sourceTree = "<group>"; };
		330F568D26C756C2009569AC /* Base */ = {isa = PBXFileReference; lastKnownFileType = file.storyboard; name = Base; path = Base.lproj/LaunchScreen.storyboard; sourceTree = "<group>"; };
		330F568F26C756C2009569AC /* Info.plist */ = {isa = PBXFileReference; lastKnownFileType = text.plist.xml; path = Info.plist; sourceTree = "<group>"; };
		3338113A26CE83C00087DFE0 /* ProfileInfo.swift */ = {isa = PBXFileReference; lastKnownFileType = sourcecode.swift; path = ProfileInfo.swift; sourceTree = "<group>"; };
		33A2266426C8D2E900699557 /* ListTableViewCell.swift */ = {isa = PBXFileReference; lastKnownFileType = sourcecode.swift; path = ListTableViewCell.swift; sourceTree = "<group>"; };
		33A2266626C8D30B00699557 /* buttonTableViewCell.swift */ = {isa = PBXFileReference; lastKnownFileType = sourcecode.swift; path = buttonTableViewCell.swift; sourceTree = "<group>"; };
		33A2266926C8D3B000699557 /* ProfileTableViewCell.swift */ = {isa = PBXFileReference; lastKnownFileType = sourcecode.swift; path = ProfileTableViewCell.swift; sourceTree = "<group>"; };
		33E2924526D254F6004C88F4 /* List + Favorites + Settings+Section.swift */ = {isa = PBXFileReference; lastKnownFileType = sourcecode.swift; path = "List + Favorites + Settings+Section.swift"; sourceTree = "<group>"; };
		33E2924726D27BED004C88F4 /* HeaderInfo.swift */ = {isa = PBXFileReference; lastKnownFileType = sourcecode.swift; path = HeaderInfo.swift; sourceTree = "<group>"; };
		33E2924B26D344B1004C88F4 /* Header.swift */ = {isa = PBXFileReference; lastKnownFileType = sourcecode.swift; path = Header.swift; sourceTree = "<group>"; };
/* End PBXFileReference section */

/* Begin PBXFrameworksBuildPhase section */
		330F567B26C756C1009569AC /* Frameworks */ = {
			isa = PBXFrameworksBuildPhase;
			buildActionMask = 2147483647;
			files = (
			);
			runOnlyForDeploymentPostprocessing = 0;
		};
/* End PBXFrameworksBuildPhase section */

/* Begin PBXGroup section */
		330F567526C756C0009569AC = {
			isa = PBXGroup;
			children = (
				3338113926CE83510087DFE0 /* Model */,
				33A2266126C8D28E00699557 /* Cell */,
				330F568026C756C1009569AC /* FacebookMe(onlyCode) */,
				330F567F26C756C1009569AC /* Products */,
			);
			sourceTree = "<group>";
		};
		330F567F26C756C1009569AC /* Products */ = {
			isa = PBXGroup;
			children = (
				330F567E26C756C1009569AC /* FacebookMe(onlyCode).app */,
			);
			name = Products;
			sourceTree = "<group>";
		};
		330F568026C756C1009569AC /* FacebookMe(onlyCode) */ = {
			isa = PBXGroup;
			children = (
				330F568126C756C1009569AC /* AppDelegate.swift */,
				330F568326C756C1009569AC /* SceneDelegate.swift */,
				330F568526C756C1009569AC /* ViewController.swift */,
				330F568726C756C1009569AC /* Main.storyboard */,
				330F568A26C756C2009569AC /* Assets.xcassets */,
				330F568C26C756C2009569AC /* LaunchScreen.storyboard */,
				330F568F26C756C2009569AC /* Info.plist */,
			);
			path = "FacebookMe(onlyCode)";
			sourceTree = "<group>";
		};
		3338113926CE83510087DFE0 /* Model */ = {
			isa = PBXGroup;
			children = (
				3338113A26CE83C00087DFE0 /* ProfileInfo.swift */,
				33E2924726D27BED004C88F4 /* HeaderInfo.swift */,
				33E2924526D254F6004C88F4 /* List + Favorites + Settings+Section.swift */,
			);
			path = Model;
			sourceTree = "<group>";
		};
		33A2266126C8D28E00699557 /* Cell */ = {
			isa = PBXGroup;
			children = (
				33A2266926C8D3B000699557 /* ProfileTableViewCell.swift */,
				33A2266426C8D2E900699557 /* ListTableViewCell.swift */,
				33A2266626C8D30B00699557 /* buttonTableViewCell.swift */,
				33E2924B26D344B1004C88F4 /* Header.swift */,
			);
			path = Cell;
			sourceTree = "<group>";
		};
/* End PBXGroup section */

/* Begin PBXNativeTarget section */
		330F567D26C756C1009569AC /* FacebookMe(onlyCode) */ = {
			isa = PBXNativeTarget;
			buildConfigurationList = 330F569226C756C2009569AC /* Build configuration list for PBXNativeTarget "FacebookMe(onlyCode)" */;
			buildPhases = (
				330F567A26C756C1009569AC /* Sources */,
				330F567B26C756C1009569AC /* Frameworks */,
				330F567C26C756C1009569AC /* Resources */,
			);
			buildRules = (
			);
			dependencies = (
			);
			name = "FacebookMe(onlyCode)";
			productName = "FacebookMe(re)";
			productReference = 330F567E26C756C1009569AC /* FacebookMe(onlyCode).app */;
			productType = "com.apple.product-type.application";
		};
/* End PBXNativeTarget section */

/* Begin PBXProject section */
		330F567626C756C0009569AC /* Project object */ = {
			isa = PBXProject;
			attributes = {
				LastSwiftUpdateCheck = 1250;
				LastUpgradeCheck = 1250;
				TargetAttributes = {
					330F567D26C756C1009569AC = {
						CreatedOnToolsVersion = 12.5.1;
					};
				};
			};
			buildConfigurationList = 330F567926C756C0009569AC /* Build configuration list for PBXProject "FacebookMe(onlyCode)" */;
			compatibilityVersion = "Xcode 9.3";
			developmentRegion = en;
			hasScannedForEncodings = 0;
			knownRegions = (
				en,
				Base,
			);
			mainGroup = 330F567526C756C0009569AC;
			productRefGroup = 330F567F26C756C1009569AC /* Products */;
			projectDirPath = "";
			projectRoot = "";
			targets = (
				330F567D26C756C1009569AC /* FacebookMe(onlyCode) */,
			);
		};
/* End PBXProject section */

/* Begin PBXResourcesBuildPhase section */
		330F567C26C756C1009569AC /* Resources */ = {
			isa = PBXResourcesBuildPhase;
			buildActionMask = 2147483647;
			files = (
				330F568E26C756C2009569AC /* LaunchScreen.storyboard in Resources */,
				330F568B26C756C2009569AC /* Assets.xcassets in Resources */,
				330F568926C756C1009569AC /* Main.storyboard in Resources */,
			);
			runOnlyForDeploymentPostprocessing = 0;
		};
/* End PBXResourcesBuildPhase section */

/* Begin PBXSourcesBuildPhase section */
		330F567A26C756C1009569AC /* Sources */ = {
			isa = PBXSourcesBuildPhase;
			buildActionMask = 2147483647;
			files = (
				330F568626C756C1009569AC /* ViewController.swift in Sources */,
				33E2924826D27BED004C88F4 /* HeaderInfo.swift in Sources */,
				33E2924626D254F7004C88F4 /* List + Favorites + Settings+Section.swift in Sources */,
				3338113B26CE83C00087DFE0 /* ProfileInfo.swift in Sources */,
				33A2266A26C8D3B000699557 /* ProfileTableViewCell.swift in Sources */,
				33E2924C26D344B1004C88F4 /* Header.swift in Sources */,
				330F568226C756C1009569AC /* AppDelegate.swift in Sources */,
				330F568426C756C1009569AC /* SceneDelegate.swift in Sources */,
				33A2266726C8D30B00699557 /* buttonTableViewCell.swift in Sources */,
				33A2266526C8D2E900699557 /* ListTableViewCell.swift in Sources */,
			);
			runOnlyForDeploymentPostprocessing = 0;
		};
/* End PBXSourcesBuildPhase section */

/* Begin PBXVariantGroup section */
		330F568726C756C1009569AC /* Main.storyboard */ = {
			isa = PBXVariantGroup;
			children = (
				330F568826C756C1009569AC /* Base */,
			);
			name = Main.storyboard;
			sourceTree = "<group>";
		};
		330F568C26C756C2009569AC /* LaunchScreen.storyboard */ = {
			isa = PBXVariantGroup;
			children = (
				330F568D26C756C2009569AC /* Base */,
			);
			name = LaunchScreen.storyboard;
			sourceTree = "<group>";
		};
/* End PBXVariantGroup section */

/* Begin XCBuildConfiguration section */
		330F569026C756C2009569AC /* Debug */ = {
			isa = XCBuildConfiguration;
			buildSettings = {
				ALWAYS_SEARCH_USER_PATHS = NO;
				CLANG_ANALYZER_NONNULL = YES;
				CLANG_ANALYZER_NUMBER_OBJECT_CONVERSION = YES_AGGRESSIVE;
				CLANG_CXX_LANGUAGE_STANDARD = "gnu++14";
				CLANG_CXX_LIBRARY = "libc++";
				CLANG_ENABLE_MODULES = YES;
				CLANG_ENABLE_OBJC_ARC = YES;
				CLANG_ENABLE_OBJC_WEAK = YES;
				CLANG_WARN_BLOCK_CAPTURE_AUTORELEASING = YES;
				CLANG_WARN_BOOL_CONVERSION = YES;
				CLANG_WARN_COMMA = YES;
				CLANG_WARN_CONSTANT_CONVERSION = YES;
				CLANG_WARN_DEPRECATED_OBJC_IMPLEMENTATIONS = YES;
				CLANG_WARN_DIRECT_OBJC_ISA_USAGE = YES_ERROR;
				CLANG_WARN_DOCUMENTATION_COMMENTS = YES;
				CLANG_WARN_EMPTY_BODY = YES;
				CLANG_WARN_ENUM_CONVERSION = YES;
				CLANG_WARN_INFINITE_RECURSION = YES;
				CLANG_WARN_INT_CONVERSION = YES;
				CLANG_WARN_NON_LITERAL_NULL_CONVERSION = YES;
				CLANG_WARN_OBJC_IMPLICIT_RETAIN_SELF = YES;
				CLANG_WARN_OBJC_LITERAL_CONVERSION = YES;
				CLANG_WARN_OBJC_ROOT_CLASS = YES_ERROR;
				CLANG_WARN_QUOTED_INCLUDE_IN_FRAMEWORK_HEADER = YES;
				CLANG_WARN_RANGE_LOOP_ANALYSIS = YES;
				CLANG_WARN_STRICT_PROTOTYPES = YES;
				CLANG_WARN_SUSPICIOUS_MOVE = YES;
				CLANG_WARN_UNGUARDED_AVAILABILITY = YES_AGGRESSIVE;
				CLANG_WARN_UNREACHABLE_CODE = YES;
				CLANG_WARN__DUPLICATE_METHOD_MATCH = YES;
				COPY_PHASE_STRIP = NO;
				DEBUG_INFORMATION_FORMAT = dwarf;
				ENABLE_STRICT_OBJC_MSGSEND = YES;
				ENABLE_TESTABILITY = YES;
				GCC_C_LANGUAGE_STANDARD = gnu11;
				GCC_DYNAMIC_NO_PIC = NO;
				GCC_NO_COMMON_BLOCKS = YES;
				GCC_OPTIMIZATION_LEVEL = 0;
				GCC_PREPROCESSOR_DEFINITIONS = (
					"DEBUG=1",
					"$(inherited)",
				);
				GCC_WARN_64_TO_32_BIT_CONVERSION = YES;
				GCC_WARN_ABOUT_RETURN_TYPE = YES_ERROR;
				GCC_WARN_UNDECLARED_SELECTOR = YES;
				GCC_WARN_UNINITIALIZED_AUTOS = YES_AGGRESSIVE;
				GCC_WARN_UNUSED_FUNCTION = YES;
				GCC_WARN_UNUSED_VARIABLE = YES;
				IPHONEOS_DEPLOYMENT_TARGET = 14.5;
				MTL_ENABLE_DEBUG_INFO = INCLUDE_SOURCE;
				MTL_FAST_MATH = YES;
				ONLY_ACTIVE_ARCH = YES;
				SDKROOT = iphoneos;
				SWIFT_ACTIVE_COMPILATION_CONDITIONS = DEBUG;
				SWIFT_OPTIMIZATION_LEVEL = "-Onone";
			};
			name = Debug;
		};
		330F569126C756C2009569AC /* Release */ = {
			isa = XCBuildConfiguration;
			buildSettings = {
				ALWAYS_SEARCH_USER_PATHS = NO;
				CLANG_ANALYZER_NONNULL = YES;
				CLANG_ANALYZER_NUMBER_OBJECT_CONVERSION = YES_AGGRESSIVE;
				CLANG_CXX_LANGUAGE_STANDARD = "gnu++14";
				CLANG_CXX_LIBRARY = "libc++";
				CLANG_ENABLE_MODULES = YES;
				CLANG_ENABLE_OBJC_ARC = YES;
				CLANG_ENABLE_OBJC_WEAK = YES;
				CLANG_WARN_BLOCK_CAPTURE_AUTORELEASING = YES;
				CLANG_WARN_BOOL_CONVERSION = YES;
				CLANG_WARN_COMMA = YES;
				CLANG_WARN_CONSTANT_CONVERSION = YES;
				CLANG_WARN_DEPRECATED_OBJC_IMPLEMENTATIONS = YES;
				CLANG_WARN_DIRECT_OBJC_ISA_USAGE = YES_ERROR;
				CLANG_WARN_DOCUMENTATION_COMMENTS = YES;
				CLANG_WARN_EMPTY_BODY = YES;
				CLANG_WARN_ENUM_CONVERSION = YES;
				CLANG_WARN_INFINITE_RECURSION = YES;
				CLANG_WARN_INT_CONVERSION = YES;
				CLANG_WARN_NON_LITERAL_NULL_CONVERSION = YES;
				CLANG_WARN_OBJC_IMPLICIT_RETAIN_SELF = YES;
				CLANG_WARN_OBJC_LITERAL_CONVERSION = YES;
				CLANG_WARN_OBJC_ROOT_CLASS = YES_ERROR;
				CLANG_WARN_QUOTED_INCLUDE_IN_FRAMEWORK_HEADER = YES;
				CLANG_WARN_RANGE_LOOP_ANALYSIS = YES;
				CLANG_WARN_STRICT_PROTOTYPES = YES;
				CLANG_WARN_SUSPICIOUS_MOVE = YES;
				CLANG_WARN_UNGUARDED_AVAILABILITY = YES_AGGRESSIVE;
				CLANG_WARN_UNREACHABLE_CODE = YES;
				CLANG_WARN__DUPLICATE_METHOD_MATCH = YES;
				COPY_PHASE_STRIP = NO;
				DEBUG_INFORMATION_FORMAT = "dwarf-with-dsym";
				ENABLE_NS_ASSERTIONS = NO;
				ENABLE_STRICT_OBJC_MSGSEND = YES;
				GCC_C_LANGUAGE_STANDARD = gnu11;
				GCC_NO_COMMON_BLOCKS = YES;
				GCC_WARN_64_TO_32_BIT_CONVERSION = YES;
				GCC_WARN_ABOUT_RETURN_TYPE = YES_ERROR;
				GCC_WARN_UNDECLARED_SELECTOR = YES;
				GCC_WARN_UNINITIALIZED_AUTOS = YES_AGGRESSIVE;
				GCC_WARN_UNUSED_FUNCTION = YES;
				GCC_WARN_UNUSED_VARIABLE = YES;
				IPHONEOS_DEPLOYMENT_TARGET = 14.5;
				MTL_ENABLE_DEBUG_INFO = NO;
				MTL_FAST_MATH = YES;
				SDKROOT = iphoneos;
				SWIFT_COMPILATION_MODE = wholemodule;
				SWIFT_OPTIMIZATION_LEVEL = "-O";
				VALIDATE_PRODUCT = YES;
			};
			name = Release;
		};
		330F569326C756C2009569AC /* Debug */ = {
			isa = XCBuildConfiguration;
			buildSettings = {
				ASSETCATALOG_COMPILER_APPICON_NAME = AppIcon;
				ASSETCATALOG_COMPILER_GLOBAL_ACCENT_COLOR_NAME = AccentColor;
				CODE_SIGN_STYLE = Automatic;
				DEVELOPMENT_TEAM = N4ZNP7J459;
				INFOPLIST_FILE = "FacebookMe(onlyCode)/Info.plist";
				LD_RUNPATH_SEARCH_PATHS = (
					"$(inherited)",
					"@executable_path/Frameworks",
				);
				PRODUCT_BUNDLE_IDENTIFIER = "UCDAyoung.FacebookMe-onlyCode-";
				PRODUCT_NAME = "$(TARGET_NAME)";
				SWIFT_VERSION = 5.0;
				TARGETED_DEVICE_FAMILY = "1,2";
			};
			name = Debug;
		};
		330F569426C756C2009569AC /* Release */ = {
			isa = XCBuildConfiguration;
			buildSettings = {
				ASSETCATALOG_COMPILER_APPICON_NAME = AppIcon;
				ASSETCATALOG_COMPILER_GLOBAL_ACCENT_COLOR_NAME = AccentColor;
				CODE_SIGN_STYLE = Automatic;
				DEVELOPMENT_TEAM = N4ZNP7J459;
				INFOPLIST_FILE = "FacebookMe(onlyCode)/Info.plist";
				LD_RUNPATH_SEARCH_PATHS = (
					"$(inherited)",
					"@executable_path/Frameworks",
				);
				PRODUCT_BUNDLE_IDENTIFIER = "UCDAyoung.FacebookMe-onlyCode-";
				PRODUCT_NAME = "$(TARGET_NAME)";
				SWIFT_VERSION = 5.0;
				TARGETED_DEVICE_FAMILY = "1,2";
			};
			name = Release;
		};
/* End XCBuildConfiguration section */

/* Begin XCConfigurationList section */
		330F567926C756C0009569AC /* Build configuration list for PBXProject "FacebookMe(onlyCode)" */ = {
			isa = XCConfigurationList;
			buildConfigurations = (
				330F569026C756C2009569AC /* Debug */,
				330F569126C756C2009569AC /* Release */,
			);
			defaultConfigurationIsVisible = 0;
			defaultConfigurationName = Release;
		};
		330F569226C756C2009569AC /* Build configuration list for PBXNativeTarget "FacebookMe(onlyCode)" */ = {
			isa = XCConfigurationList;
			buildConfigurations = (
				330F569326C756C2009569AC /* Debug */,
				330F569426C756C2009569AC /* Release */,
			);
			defaultConfigurationIsVisible = 0;
			defaultConfigurationName = Release;
		};
/* End XCConfigurationList section */
	};
	rootObject = 330F567626C756C0009569AC /* Project object */;
}
