// !$*UTF8*$!
{
	archiveVersion = 1;
	classes = {
	};
	objectVersion = 50;
	objects = {

/* Begin PBXBuildFile section */
		338886872710370500409D4F /* RequestGitAPI.swift in Sources */ = {isa = PBXBuildFile; fileRef = 338886862710370500409D4F /* RequestGitAPI.swift */; };
		3388868B2710574A00409D4F /* TableViewCell.swift in Sources */ = {isa = PBXBuildFile; fileRef = 3388868A2710574A00409D4F /* TableViewCell.swift */; };
		33B433332707480B0031332F /* AppDelegate.swift in Sources */ = {isa = PBXBuildFile; fileRef = 33B433322707480B0031332F /* AppDelegate.swift */; };
		33B433352707480B0031332F /* SceneDelegate.swift in Sources */ = {isa = PBXBuildFile; fileRef = 33B433342707480B0031332F /* SceneDelegate.swift */; };
		33B433372707480B0031332F /* ViewController.swift in Sources */ = {isa = PBXBuildFile; fileRef = 33B433362707480B0031332F /* ViewController.swift */; };
		33B4333A2707480B0031332F /* Main.storyboard in Resources */ = {isa = PBXBuildFile; fileRef = 33B433382707480B0031332F /* Main.storyboard */; };
		33B4333D2707480B0031332F /* GithubApi.xcdatamodeld in Sources */ = {isa = PBXBuildFile; fileRef = 33B4333B2707480B0031332F /* GithubApi.xcdatamodeld */; };
		33B4333F2707480E0031332F /* Assets.xcassets in Resources */ = {isa = PBXBuildFile; fileRef = 33B4333E2707480E0031332F /* Assets.xcassets */; };
		33B433422707480E0031332F /* LaunchScreen.storyboard in Resources */ = {isa = PBXBuildFile; fileRef = 33B433402707480E0031332F /* LaunchScreen.storyboard */; };
		33B4334A27074A190031332F /* Model.swift in Sources */ = {isa = PBXBuildFile; fileRef = 33B4334927074A190031332F /* Model.swift */; };
/* End PBXBuildFile section */

/* Begin PBXFileReference section */
		338886862710370500409D4F /* RequestGitAPI.swift */ = {isa = PBXFileReference; lastKnownFileType = sourcecode.swift; path = RequestGitAPI.swift; sourceTree = "<group>"; };
		3388868A2710574A00409D4F /* TableViewCell.swift */ = {isa = PBXFileReference; lastKnownFileType = sourcecode.swift; path = TableViewCell.swift; sourceTree = "<group>"; };
		33B4332F2707480B0031332F /* GithubApi.app */ = {isa = PBXFileReference; explicitFileType = wrapper.application; includeInIndex = 0; path = GithubApi.app; sourceTree = BUILT_PRODUCTS_DIR; };
		33B433322707480B0031332F /* AppDelegate.swift */ = {isa = PBXFileReference; lastKnownFileType = sourcecode.swift; path = AppDelegate.swift; sourceTree = "<group>"; };
		33B433342707480B0031332F /* SceneDelegate.swift */ = {isa = PBXFileReference; lastKnownFileType = sourcecode.swift; path = SceneDelegate.swift; sourceTree = "<group>"; };
		33B433362707480B0031332F /* ViewController.swift */ = {isa = PBXFileReference; lastKnownFileType = sourcecode.swift; path = ViewController.swift; sourceTree = "<group>"; };
		33B433392707480B0031332F /* Base */ = {isa = PBXFileReference; lastKnownFileType = file.storyboard; name = Base; path = Base.lproj/Main.storyboard; sourceTree = "<group>"; };
		33B4333C2707480B0031332F /* GithubApi.xcdatamodel */ = {isa = PBXFileReference; lastKnownFileType = wrapper.xcdatamodel; path = GithubApi.xcdatamodel; sourceTree = "<group>"; };
		33B4333E2707480E0031332F /* Assets.xcassets */ = {isa = PBXFileReference; lastKnownFileType = folder.assetcatalog; path = Assets.xcassets; sourceTree = "<group>"; };
		33B433412707480E0031332F /* Base */ = {isa = PBXFileReference; lastKnownFileType = file.storyboard; name = Base; path = Base.lproj/LaunchScreen.storyboard; sourceTree = "<group>"; };
		33B433432707480E0031332F /* Info.plist */ = {isa = PBXFileReference; lastKnownFileType = text.plist.xml; path = Info.plist; sourceTree = "<group>"; };
		33B4334927074A190031332F /* Model.swift */ = {isa = PBXFileReference; lastKnownFileType = sourcecode.swift; path = Model.swift; sourceTree = "<group>"; };
/* End PBXFileReference section */

/* Begin PBXFrameworksBuildPhase section */
		33B4332C2707480B0031332F /* Frameworks */ = {
			isa = PBXFrameworksBuildPhase;
			buildActionMask = 2147483647;
			files = (
			);
			runOnlyForDeploymentPostprocessing = 0;
		};
/* End PBXFrameworksBuildPhase section */

/* Begin PBXGroup section */
		33B433262707480B0031332F = {
			isa = PBXGroup;
			children = (
				33B433312707480B0031332F /* GithubApi */,
				33B433302707480B0031332F /* Products */,
			);
			sourceTree = "<group>";
		};
		33B433302707480B0031332F /* Products */ = {
			isa = PBXGroup;
			children = (
				33B4332F2707480B0031332F /* GithubApi.app */,
			);
			name = Products;
			sourceTree = "<group>";
		};
		33B433312707480B0031332F /* GithubApi */ = {
			isa = PBXGroup;
			children = (
				33B433322707480B0031332F /* AppDelegate.swift */,
				33B433342707480B0031332F /* SceneDelegate.swift */,
				33B433362707480B0031332F /* ViewController.swift */,
				33B4334927074A190031332F /* Model.swift */,
				338886862710370500409D4F /* RequestGitAPI.swift */,
				33B433382707480B0031332F /* Main.storyboard */,
				3388868A2710574A00409D4F /* TableViewCell.swift */,
				33B4333E2707480E0031332F /* Assets.xcassets */,
				33B433402707480E0031332F /* LaunchScreen.storyboard */,
				33B433432707480E0031332F /* Info.plist */,
				33B4333B2707480B0031332F /* GithubApi.xcdatamodeld */,
			);
			path = GithubApi;
			sourceTree = "<group>";
		};
/* End PBXGroup section */

/* Begin PBXNativeTarget section */
		33B4332E2707480B0031332F /* GithubApi */ = {
			isa = PBXNativeTarget;
			buildConfigurationList = 33B433462707480E0031332F /* Build configuration list for PBXNativeTarget "GithubApi" */;
			buildPhases = (
				33B4332B2707480B0031332F /* Sources */,
				33B4332C2707480B0031332F /* Frameworks */,
				33B4332D2707480B0031332F /* Resources */,
			);
			buildRules = (
			);
			dependencies = (
			);
			name = GithubApi;
			productName = GithubApi;
			productReference = 33B4332F2707480B0031332F /* GithubApi.app */;
			productType = "com.apple.product-type.application";
		};
/* End PBXNativeTarget section */

/* Begin PBXProject section */
		33B433272707480B0031332F /* Project object */ = {
			isa = PBXProject;
			attributes = {
				LastSwiftUpdateCheck = 1250;
				LastUpgradeCheck = 1250;
				TargetAttributes = {
					33B4332E2707480B0031332F = {
						CreatedOnToolsVersion = 12.5.1;
					};
				};
			};
			buildConfigurationList = 33B4332A2707480B0031332F /* Build configuration list for PBXProject "GithubApi" */;
			compatibilityVersion = "Xcode 9.3";
			developmentRegion = en;
			hasScannedForEncodings = 0;
			knownRegions = (
				en,
				Base,
			);
			mainGroup = 33B433262707480B0031332F;
			productRefGroup = 33B433302707480B0031332F /* Products */;
			projectDirPath = "";
			projectRoot = "";
			targets = (
				33B4332E2707480B0031332F /* GithubApi */,
			);
		};
/* End PBXProject section */

/* Begin PBXResourcesBuildPhase section */
		33B4332D2707480B0031332F /* Resources */ = {
			isa = PBXResourcesBuildPhase;
			buildActionMask = 2147483647;
			files = (
				33B433422707480E0031332F /* LaunchScreen.storyboard in Resources */,
				33B4333F2707480E0031332F /* Assets.xcassets in Resources */,
				33B4333A2707480B0031332F /* Main.storyboard in Resources */,
			);
			runOnlyForDeploymentPostprocessing = 0;
		};
/* End PBXResourcesBuildPhase section */

/* Begin PBXSourcesBuildPhase section */
		33B4332B2707480B0031332F /* Sources */ = {
			isa = PBXSourcesBuildPhase;
			buildActionMask = 2147483647;
			files = (
				33B4334A27074A190031332F /* Model.swift in Sources */,
				33B433372707480B0031332F /* ViewController.swift in Sources */,
				33B433332707480B0031332F /* AppDelegate.swift in Sources */,
				33B433352707480B0031332F /* SceneDelegate.swift in Sources */,
				338886872710370500409D4F /* RequestGitAPI.swift in Sources */,
				3388868B2710574A00409D4F /* TableViewCell.swift in Sources */,
				33B4333D2707480B0031332F /* GithubApi.xcdatamodeld in Sources */,
			);
			runOnlyForDeploymentPostprocessing = 0;
		};
/* End PBXSourcesBuildPhase section */

/* Begin PBXVariantGroup section */
		33B433382707480B0031332F /* Main.storyboard */ = {
			isa = PBXVariantGroup;
			children = (
				33B433392707480B0031332F /* Base */,
			);
			name = Main.storyboard;
			sourceTree = "<group>";
		};
		33B433402707480E0031332F /* LaunchScreen.storyboard */ = {
			isa = PBXVariantGroup;
			children = (
				33B433412707480E0031332F /* Base */,
			);
			name = LaunchScreen.storyboard;
			sourceTree = "<group>";
		};
/* End PBXVariantGroup section */

/* Begin XCBuildConfiguration section */
		33B433442707480E0031332F /* Debug */ = {
			isa = XCBuildConfiguration;
			buildSettings = {
				ALWAYS_SEARCH_USER_PATHS = NO;
				CLANG_ANALYZER_NONNULL = YES;
				CLANG_ANALYZER_NUMBER_OBJECT_CONVERSION = YES_AGGRESSIVE;
				CLANG_CXX_LANGUAGE_STANDARD = "gnu++14";
				CLANG_CXX_LIBRARY = "libc++";
				CLANG_ENABLE_MODULES = YES;
				CLANG_ENABLE_OBJC_ARC = YES;
				CLANG_ENABLE_OBJC_WEAK = YES;
				CLANG_WARN_BLOCK_CAPTURE_AUTORELEASING = YES;
				CLANG_WARN_BOOL_CONVERSION = YES;
				CLANG_WARN_COMMA = YES;
				CLANG_WARN_CONSTANT_CONVERSION = YES;
				CLANG_WARN_DEPRECATED_OBJC_IMPLEMENTATIONS = YES;
				CLANG_WARN_DIRECT_OBJC_ISA_USAGE = YES_ERROR;
				CLANG_WARN_DOCUMENTATION_COMMENTS = YES;
				CLANG_WARN_EMPTY_BODY = YES;
				CLANG_WARN_ENUM_CONVERSION = YES;
				CLANG_WARN_INFINITE_RECURSION = YES;
				CLANG_WARN_INT_CONVERSION = YES;
				CLANG_WARN_NON_LITERAL_NULL_CONVERSION = YES;
				CLANG_WARN_OBJC_IMPLICIT_RETAIN_SELF = YES;
				CLANG_WARN_OBJC_LITERAL_CONVERSION = YES;
				CLANG_WARN_OBJC_ROOT_CLASS = YES_ERROR;
				CLANG_WARN_QUOTED_INCLUDE_IN_FRAMEWORK_HEADER = YES;
				CLANG_WARN_RANGE_LOOP_ANALYSIS = YES;
				CLANG_WARN_STRICT_PROTOTYPES = YES;
				CLANG_WARN_SUSPICIOUS_MOVE = YES;
				CLANG_WARN_UNGUARDED_AVAILABILITY = YES_AGGRESSIVE;
				CLANG_WARN_UNREACHABLE_CODE = YES;
				CLANG_WARN__DUPLICATE_METHOD_MATCH = YES;
				COPY_PHASE_STRIP = NO;
				DEBUG_INFORMATION_FORMAT = dwarf;
				ENABLE_STRICT_OBJC_MSGSEND = YES;
				ENABLE_TESTABILITY = YES;
				GCC_C_LANGUAGE_STANDARD = gnu11;
				GCC_DYNAMIC_NO_PIC = NO;
				GCC_NO_COMMON_BLOCKS = YES;
				GCC_OPTIMIZATION_LEVEL = 0;
				GCC_PREPROCESSOR_DEFINITIONS = (
					"DEBUG=1",
					"$(inherited)",
				);
				GCC_WARN_64_TO_32_BIT_CONVERSION = YES;
				GCC_WARN_ABOUT_RETURN_TYPE = YES_ERROR;
				GCC_WARN_UNDECLARED_SELECTOR = YES;
				GCC_WARN_UNINITIALIZED_AUTOS = YES_AGGRESSIVE;
				GCC_WARN_UNUSED_FUNCTION = YES;
				GCC_WARN_UNUSED_VARIABLE = YES;
				IPHONEOS_DEPLOYMENT_TARGET = 14.5;
				MTL_ENABLE_DEBUG_INFO = INCLUDE_SOURCE;
				MTL_FAST_MATH = YES;
				ONLY_ACTIVE_ARCH = YES;
				SDKROOT = iphoneos;
				SWIFT_ACTIVE_COMPILATION_CONDITIONS = DEBUG;
				SWIFT_OPTIMIZATION_LEVEL = "-Onone";
			};
			name = Debug;
		};
		33B433452707480E0031332F /* Release */ = {
			isa = XCBuildConfiguration;
			buildSettings = {
				ALWAYS_SEARCH_USER_PATHS = NO;
				CLANG_ANALYZER_NONNULL = YES;
				CLANG_ANALYZER_NUMBER_OBJECT_CONVERSION = YES_AGGRESSIVE;
				CLANG_CXX_LANGUAGE_STANDARD = "gnu++14";
				CLANG_CXX_LIBRARY = "libc++";
				CLANG_ENABLE_MODULES = YES;
				CLANG_ENABLE_OBJC_ARC = YES;
				CLANG_ENABLE_OBJC_WEAK = YES;
				CLANG_WARN_BLOCK_CAPTURE_AUTORELEASING = YES;
				CLANG_WARN_BOOL_CONVERSION = YES;
				CLANG_WARN_COMMA = YES;
				CLANG_WARN_CONSTANT_CONVERSION = YES;
				CLANG_WARN_DEPRECATED_OBJC_IMPLEMENTATIONS = YES;
				CLANG_WARN_DIRECT_OBJC_ISA_USAGE = YES_ERROR;
				CLANG_WARN_DOCUMENTATION_COMMENTS = YES;
				CLANG_WARN_EMPTY_BODY = YES;
				CLANG_WARN_ENUM_CONVERSION = YES;
				CLANG_WARN_INFINITE_RECURSION = YES;
				CLANG_WARN_INT_CONVERSION = YES;
				CLANG_WARN_NON_LITERAL_NULL_CONVERSION = YES;
				CLANG_WARN_OBJC_IMPLICIT_RETAIN_SELF = YES;
				CLANG_WARN_OBJC_LITERAL_CONVERSION = YES;
				CLANG_WARN_OBJC_ROOT_CLASS = YES_ERROR;
				CLANG_WARN_QUOTED_INCLUDE_IN_FRAMEWORK_HEADER = YES;
				CLANG_WARN_RANGE_LOOP_ANALYSIS = YES;
				CLANG_WARN_STRICT_PROTOTYPES = YES;
				CLANG_WARN_SUSPICIOUS_MOVE = YES;
				CLANG_WARN_UNGUARDED_AVAILABILITY = YES_AGGRESSIVE;
				CLANG_WARN_UNREACHABLE_CODE = YES;
				CLANG_WARN__DUPLICATE_METHOD_MATCH = YES;
				COPY_PHASE_STRIP = NO;
				DEBUG_INFORMATION_FORMAT = "dwarf-with-dsym";
				ENABLE_NS_ASSERTIONS = NO;
				ENABLE_STRICT_OBJC_MSGSEND = YES;
				GCC_C_LANGUAGE_STANDARD = gnu11;
				GCC_NO_COMMON_BLOCKS = YES;
				GCC_WARN_64_TO_32_BIT_CONVERSION = YES;
				GCC_WARN_ABOUT_RETURN_TYPE = YES_ERROR;
				GCC_WARN_UNDECLARED_SELECTOR = YES;
				GCC_WARN_UNINITIALIZED_AUTOS = YES_AGGRESSIVE;
				GCC_WARN_UNUSED_FUNCTION = YES;
				GCC_WARN_UNUSED_VARIABLE = YES;
				IPHONEOS_DEPLOYMENT_TARGET = 14.5;
				MTL_ENABLE_DEBUG_INFO = NO;
				MTL_FAST_MATH = YES;
				SDKROOT = iphoneos;
				SWIFT_COMPILATION_MODE = wholemodule;
				SWIFT_OPTIMIZATION_LEVEL = "-O";
				VALIDATE_PRODUCT = YES;
			};
			name = Release;
		};
		33B433472707480E0031332F /* Debug */ = {
			isa = XCBuildConfiguration;
			buildSettings = {
				ASSETCATALOG_COMPILER_APPICON_NAME = AppIcon;
				ASSETCATALOG_COMPILER_GLOBAL_ACCENT_COLOR_NAME = AccentColor;
				CODE_SIGN_STYLE = Automatic;
				DEVELOPMENT_TEAM = N4ZNP7J459;
				INFOPLIST_FILE = GithubApi/Info.plist;
				LD_RUNPATH_SEARCH_PATHS = (
					"$(inherited)",
					"@executable_path/Frameworks",
				);
				PRODUCT_BUNDLE_IDENTIFIER = UCDAyoung.GithubApi;
				PRODUCT_NAME = "$(TARGET_NAME)";
				SWIFT_VERSION = 5.0;
				TARGETED_DEVICE_FAMILY = "1,2";
			};
			name = Debug;
		};
		33B433482707480E0031332F /* Release */ = {
			isa = XCBuildConfiguration;
			buildSettings = {
				ASSETCATALOG_COMPILER_APPICON_NAME = AppIcon;
				ASSETCATALOG_COMPILER_GLOBAL_ACCENT_COLOR_NAME = AccentColor;
				CODE_SIGN_STYLE = Automatic;
				DEVELOPMENT_TEAM = N4ZNP7J459;
				INFOPLIST_FILE = GithubApi/Info.plist;
				LD_RUNPATH_SEARCH_PATHS = (
					"$(inherited)",
					"@executable_path/Frameworks",
				);
				PRODUCT_BUNDLE_IDENTIFIER = UCDAyoung.GithubApi;
				PRODUCT_NAME = "$(TARGET_NAME)";
				SWIFT_VERSION = 5.0;
				TARGETED_DEVICE_FAMILY = "1,2";
			};
			name = Release;
		};
/* End XCBuildConfiguration section */

/* Begin XCConfigurationList section */
		33B4332A2707480B0031332F /* Build configuration list for PBXProject "GithubApi" */ = {
			isa = XCConfigurationList;
			buildConfigurations = (
				33B433442707480E0031332F /* Debug */,
				33B433452707480E0031332F /* Release */,
			);
			defaultConfigurationIsVisible = 0;
			defaultConfigurationName = Release;
		};
		33B433462707480E0031332F /* Build configuration list for PBXNativeTarget "GithubApi" */ = {
			isa = XCConfigurationList;
			buildConfigurations = (
				33B433472707480E0031332F /* Debug */,
				33B433482707480E0031332F /* Release */,
			);
			defaultConfigurationIsVisible = 0;
			defaultConfigurationName = Release;
		};
/* End XCConfigurationList section */

/* Begin XCVersionGroup section */
		33B4333B2707480B0031332F /* GithubApi.xcdatamodeld */ = {
			isa = XCVersionGroup;
			children = (
				33B4333C2707480B0031332F /* GithubApi.xcdatamodel */,
			);
			currentVersion = 33B4333C2707480B0031332F /* GithubApi.xcdatamodel */;
			path = GithubApi.xcdatamodeld;
			sourceTree = "<group>";
			versionGroupType = wrapper.xcdatamodel;
		};
/* End XCVersionGroup section */
	};
	rootObject = 33B433272707480B0031332F /* Project object */;
}
